
Microsoft Visual Studio Solution File, Format Version 12.00
# Visual Studio Version 17
VisualStudioVersion = 17.11.35431.28
MinimumVisualStudioVersion = 10.0.40219.1
Project("{FAE04EC0-301F-11D3-BF4B-00C04F79EFBC}") = "Programa que imprime la serie Fibonacci del 1 al 50", "Programa que imprime la serie Fibonacci del 1 al 50.csproj", "{3C557D03-3F48-4C43-905A-3B985F297719}"
EndProject
Global
	GlobalSection(SolutionConfigurationPlatforms) = preSolution
		Debug|Any CPU = Debug|Any CPU
		Release|Any CPU = Release|Any CPU
	EndGlobalSection
	GlobalSection(ProjectConfigurationPlatforms) = postSolution
		{3C557D03-3F48-4C43-905A-3B985F297719}.Debug|Any CPU.ActiveCfg = Debug|Any CPU
		{3C557D03-3F48-4C43-905A-3B985F297719}.Debug|Any CPU.Build.0 = Debug|Any CPU
		{3C557D03-3F48-4C43-905A-3B985F297719}.Release|Any CPU.ActiveCfg = Release|Any CPU
		{3C557D03-3F48-4C43-905A-3B985F297719}.Release|Any CPU.Build.0 = Release|Any CPU
	EndGlobalSection
	GlobalSection(SolutionProperties) = preSolution
		HideSolutionNode = FALSE
	EndGlobalSection
	GlobalSection(ExtensibilityGlobals) = postSolution
		SolutionGuid = {01834C84-3837-4D3F-96BE-89DD4F457249}
	EndGlobalSection
EndGlobal
