
Microsoft Visual Studio Solution File, Format Version 12.00
# Visual Studio Version 17
VisualStudioVersion = 17.13.36105.23 d17.13
MinimumVisualStudioVersion = 10.0.40219.1
Project("{FAE04EC0-301F-11D3-BF4B-00C04F79EFBC}") = "CalculadoraWinForms", "CalculadoraWinForms.csproj", "{2F9EEDBA-85E5-49E9-BCDE-080BB1C4693F}"
EndProject
Global
	GlobalSection(SolutionConfigurationPlatforms) = preSolution
		Debug|Any CPU = Debug|Any CPU
		Release|Any CPU = Release|Any CPU
	EndGlobalSection
	GlobalSection(ProjectConfigurationPlatforms) = postSolution
		{2F9EEDBA-85E5-49E9-BCDE-080BB1C4693F}.Debug|Any CPU.ActiveCfg = Debug|Any CPU
		{2F9EEDBA-85E5-49E9-BCDE-080BB1C4693F}.Debug|Any CPU.Build.0 = Debug|Any CPU
		{2F9EEDBA-85E5-49E9-BCDE-080BB1C4693F}.Release|Any CPU.ActiveCfg = Release|Any CPU
		{2F9EEDBA-85E5-49E9-BCDE-080BB1C4693F}.Release|Any CPU.Build.0 = Release|Any CPU
	EndGlobalSection
	GlobalSection(SolutionProperties) = preSolution
		HideSolutionNode = FALSE
	EndGlobalSection
	GlobalSection(ExtensibilityGlobals) = postSolution
		SolutionGuid = {28B1DF3C-F792-47F1-9E47-65938B7BBD70}
	EndGlobalSection
EndGlobal
