
Microsoft Visual Studio Solution File, Format Version 12.00
# Visual Studio Version 17
VisualStudioVersion = 17.13.36105.23 d17.13
MinimumVisualStudioVersion = 10.0.40219.1
Project("{FAE04EC0-301F-11D3-BF4B-00C04F79EFBC}") = "programa que muestre el calendario del mes actual", "programa que muestre el calendario del mes actual.csproj", "{C6912DD1-D0F4-415F-B625-C6043F997DEB}"
EndProject
Global
	GlobalSection(SolutionConfigurationPlatforms) = preSolution
		Debug|Any CPU = Debug|Any CPU
		Release|Any CPU = Release|Any CPU
	EndGlobalSection
	GlobalSection(ProjectConfigurationPlatforms) = postSolution
		{C6912DD1-D0F4-415F-B625-C6043F997DEB}.Debug|Any CPU.ActiveCfg = Debug|Any CPU
		{C6912DD1-D0F4-415F-B625-C6043F997DEB}.Debug|Any CPU.Build.0 = Debug|Any CPU
		{C6912DD1-D0F4-415F-B625-C6043F997DEB}.Release|Any CPU.ActiveCfg = Release|Any CPU
		{C6912DD1-D0F4-415F-B625-C6043F997DEB}.Release|Any CPU.Build.0 = Release|Any CPU
	EndGlobalSection
	GlobalSection(SolutionProperties) = preSolution
		HideSolutionNode = FALSE
	EndGlobalSection
	GlobalSection(ExtensibilityGlobals) = postSolution
		SolutionGuid = {4AE4CC4E-162D-4E8C-B12F-B0DBBF785D2A}
	EndGlobalSection
EndGlobal
