
Microsoft Visual Studio Solution File, Format Version 12.00
# Visual Studio Version 17
VisualStudioVersion = 17.11.35431.28
MinimumVisualStudioVersion = 10.0.40219.1
Project("{FAE04EC0-301F-11D3-BF4B-00C04F79EFBC}") = "programa que divida dos números", "programa que divida dos números.csproj", "{D81E9332-B660-4BAC-86CF-9F3FF731549A}"
EndProject
Global
	GlobalSection(SolutionConfigurationPlatforms) = preSolution
		Debug|Any CPU = Debug|Any CPU
		Release|Any CPU = Release|Any CPU
	EndGlobalSection
	GlobalSection(ProjectConfigurationPlatforms) = postSolution
		{D81E9332-B660-4BAC-86CF-9F3FF731549A}.Debug|Any CPU.ActiveCfg = Debug|Any CPU
		{D81E9332-B660-4BAC-86CF-9F3FF731549A}.Debug|Any CPU.Build.0 = Debug|Any CPU
		{D81E9332-B660-4BAC-86CF-9F3FF731549A}.Release|Any CPU.ActiveCfg = Release|Any CPU
		{D81E9332-B660-4BAC-86CF-9F3FF731549A}.Release|Any CPU.Build.0 = Release|Any CPU
	EndGlobalSection
	GlobalSection(SolutionProperties) = preSolution
		HideSolutionNode = FALSE
	EndGlobalSection
	GlobalSection(ExtensibilityGlobals) = postSolution
		SolutionGuid = {6F8D5E0B-B422-42B0-875B-C71E2AC70745}
	EndGlobalSection
EndGlobal
